// !$*UTF8*$!
{
	archiveVersion = 1;
	classes = {
	};
	objectVersion = 46;
	objects = {

/* Begin PBXBuildFile section */
		E0658A73C221B32EA3E2F0EA /* Pods.framework in Frameworks */ = {isa = PBXBuildFile; fileRef = 5AC7A269BB14F31DA146034F /* Pods.framework */; settings = {ATTRIBUTES = (Weak, ); }; };
		E90DA10B1AFEA5EF006E0F27 /* GameViewController.swift in Sources */ = {isa = PBXBuildFile; fileRef = E90DA10A1AFEA5EF006E0F27 /* GameViewController.swift */; };
		E90DA10F1AFF61E9006E0F27 /* MovieGeekServerManager.swift in Sources */ = {isa = PBXBuildFile; fileRef = E90DA10E1AFF61E9006E0F27 /* MovieGeekServerManager.swift */; };
		E91D12A21B0A907B000D8F71 /* MovieChooseViewController.swift in Sources */ = {isa = PBXBuildFile; fileRef = E91D12A11B0A907B000D8F71 /* MovieChooseViewController.swift */; };
		E91D12A41B0A92B4000D8F71 /* EndGameViewController.swift in Sources */ = {isa = PBXBuildFile; fileRef = E91D12A31B0A92B4000D8F71 /* EndGameViewController.swift */; };
		E91D12A61B0A9E20000D8F71 /* QuestionTableViewCell.swift in Sources */ = {isa = PBXBuildFile; fileRef = E91D12A51B0A9E20000D8F71 /* QuestionTableViewCell.swift */; };
		E91D12A81B0A9EDA000D8F71 /* QuestionStatViewController.swift in Sources */ = {isa = PBXBuildFile; fileRef = E91D12A71B0A9EDA000D8F71 /* QuestionStatViewController.swift */; };
		E9A9C0DD1B05662500D196CC /* Movie.swift in Sources */ = {isa = PBXBuildFile; fileRef = E9A9C0DC1B05662500D196CC /* Movie.swift */; };
		E9A9C0DF1B05663000D196CC /* Question.swift in Sources */ = {isa = PBXBuildFile; fileRef = E9A9C0DE1B05663000D196CC /* Question.swift */; };
		E9A9C0E21B05693000D196CC /* MoviesStatViewContoller.swift in Sources */ = {isa = PBXBuildFile; fileRef = E9A9C0E11B05693000D196CC /* MoviesStatViewContoller.swift */; };
		E9A9C0E41B060F9300D196CC /* UIColor + MovieGeekColors.swift in Sources */ = {isa = PBXBuildFile; fileRef = E9A9C0E31B060F9300D196CC /* UIColor + MovieGeekColors.swift */; };
		E9A9C0E61B06199400D196CC /* InfoViewController.swift in Sources */ = {isa = PBXBuildFile; fileRef = E9A9C0E51B06199400D196CC /* InfoViewController.swift */; };
		E9A9C0E81B061ADD00D196CC /* MovieTableViewCell.swift in Sources */ = {isa = PBXBuildFile; fileRef = E9A9C0E71B061ADD00D196CC /* MovieTableViewCell.swift */; };
		E9AD7D9A1AFBC58E0045E0D4 /* AppDelegate.swift in Sources */ = {isa = PBXBuildFile; fileRef = E9AD7D991AFBC58E0045E0D4 /* AppDelegate.swift */; };
		E9AD7D9C1AFBC58E0045E0D4 /* NewGameViewController.swift in Sources */ = {isa = PBXBuildFile; fileRef = E9AD7D9B1AFBC58E0045E0D4 /* NewGameViewController.swift */; };
		E9AD7D9F1AFBC58E0045E0D4 /* Main.storyboard in Resources */ = {isa = PBXBuildFile; fileRef = E9AD7D9D1AFBC58E0045E0D4 /* Main.storyboard */; };
		E9AD7DA11AFBC58E0045E0D4 /* Images.xcassets in Resources */ = {isa = PBXBuildFile; fileRef = E9AD7DA01AFBC58E0045E0D4 /* Images.xcassets */; };
		E9AD7DA41AFBC58E0045E0D4 /* LaunchScreen.xib in Resources */ = {isa = PBXBuildFile; fileRef = E9AD7DA21AFBC58E0045E0D4 /* LaunchScreen.xib */; };
		E9AD7DB01AFBC58E0045E0D4 /* MovieGeekAppTests.swift in Sources */ = {isa = PBXBuildFile; fileRef = E9AD7DAF1AFBC58E0045E0D4 /* MovieGeekAppTests.swift */; };
		E9BD89C21B06639200F36579 /* QuestionCardView.xib in Resources */ = {isa = PBXBuildFile; fileRef = E9BD89C11B06639200F36579 /* QuestionCardView.xib */; };
		E9BD89C41B06640B00F36579 /* QuestionCardView.swift in Sources */ = {isa = PBXBuildFile; fileRef = E9BD89C31B06640B00F36579 /* QuestionCardView.swift */; };
/* End PBXBuildFile section */

/* Begin PBXContainerItemProxy section */
		E9AD7DAA1AFBC58E0045E0D4 /* PBXContainerItemProxy */ = {
			isa = PBXContainerItemProxy;
			containerPortal = E9AD7D8C1AFBC58E0045E0D4 /* Project object */;
			proxyType = 1;
			remoteGlobalIDString = E9AD7D931AFBC58E0045E0D4;
			remoteInfo = MovieGeekApp;
		};
/* End PBXContainerItemProxy section */

/* Begin PBXFileReference section */
		5AC7A269BB14F31DA146034F /* Pods.framework */ = {isa = PBXFileReference; explicitFileType = wrapper.framework; includeInIndex = 0; path = Pods.framework; sourceTree = BUILT_PRODUCTS_DIR; };
		A9476843DA2FA4A2D22DBFA2 /* Pods.release.xcconfig */ = {isa = PBXFileReference; includeInIndex = 1; lastKnownFileType = text.xcconfig; name = Pods.release.xcconfig; path = "Pods/Target Support Files/Pods/Pods.release.xcconfig"; sourceTree = "<group>"; };
		C9C75D2CCD260D7943553AEC /* Pods.debug.xcconfig */ = {isa = PBXFileReference; includeInIndex = 1; lastKnownFileType = text.xcconfig; name = Pods.debug.xcconfig; path = "Pods/Target Support Files/Pods/Pods.debug.xcconfig"; sourceTree = "<group>"; };
		E90DA10A1AFEA5EF006E0F27 /* GameViewController.swift */ = {isa = PBXFileReference; fileEncoding = 4; lastKnownFileType = sourcecode.swift; path = GameViewController.swift; sourceTree = "<group>"; };
		E90DA10E1AFF61E9006E0F27 /* MovieGeekServerManager.swift */ = {isa = PBXFileReference; fileEncoding = 4; lastKnownFileType = sourcecode.swift; path = MovieGeekServerManager.swift; sourceTree = "<group>"; };
		E91D12A11B0A907B000D8F71 /* MovieChooseViewController.swift */ = {isa = PBXFileReference; fileEncoding = 4; lastKnownFileType = sourcecode.swift; path = MovieChooseViewController.swift; sourceTree = "<group>"; };
		E91D12A31B0A92B4000D8F71 /* EndGameViewController.swift */ = {isa = PBXFileReference; fileEncoding = 4; lastKnownFileType = sourcecode.swift; path = EndGameViewController.swift; sourceTree = "<group>"; };
		E91D12A51B0A9E20000D8F71 /* QuestionTableViewCell.swift */ = {isa = PBXFileReference; fileEncoding = 4; lastKnownFileType = sourcecode.swift; path = QuestionTableViewCell.swift; sourceTree = "<group>"; };
		E91D12A71B0A9EDA000D8F71 /* QuestionStatViewController.swift */ = {isa = PBXFileReference; fileEncoding = 4; lastKnownFileType = sourcecode.swift; path = QuestionStatViewController.swift; sourceTree = "<group>"; };
		E9A9C0DC1B05662500D196CC /* Movie.swift */ = {isa = PBXFileReference; fileEncoding = 4; lastKnownFileType = sourcecode.swift; path = Movie.swift; sourceTree = "<group>"; };
		E9A9C0DE1B05663000D196CC /* Question.swift */ = {isa = PBXFileReference; fileEncoding = 4; lastKnownFileType = sourcecode.swift; path = Question.swift; sourceTree = "<group>"; };
		E9A9C0E11B05693000D196CC /* MoviesStatViewContoller.swift */ = {isa = PBXFileReference; fileEncoding = 4; lastKnownFileType = sourcecode.swift; path = MoviesStatViewContoller.swift; sourceTree = "<group>"; };
		E9A9C0E31B060F9300D196CC /* UIColor + MovieGeekColors.swift */ = {isa = PBXFileReference; fileEncoding = 4; lastKnownFileType = sourcecode.swift; path = "UIColor + MovieGeekColors.swift"; sourceTree = "<group>"; };
		E9A9C0E51B06199400D196CC /* InfoViewController.swift */ = {isa = PBXFileReference; fileEncoding = 4; lastKnownFileType = sourcecode.swift; path = InfoViewController.swift; sourceTree = "<group>"; };
		E9A9C0E71B061ADD00D196CC /* MovieTableViewCell.swift */ = {isa = PBXFileReference; fileEncoding = 4; lastKnownFileType = sourcecode.swift; path = MovieTableViewCell.swift; sourceTree = "<group>"; };
		E9AD7D941AFBC58E0045E0D4 /* MovieGeekApp.app */ = {isa = PBXFileReference; explicitFileType = wrapper.application; includeInIndex = 0; path = MovieGeekApp.app; sourceTree = BUILT_PRODUCTS_DIR; };
		E9AD7D981AFBC58E0045E0D4 /* Info.plist */ = {isa = PBXFileReference; lastKnownFileType = text.plist.xml; path = Info.plist; sourceTree = "<group>"; };
		E9AD7D991AFBC58E0045E0D4 /* AppDelegate.swift */ = {isa = PBXFileReference; lastKnownFileType = sourcecode.swift; path = AppDelegate.swift; sourceTree = "<group>"; };
		E9AD7D9B1AFBC58E0045E0D4 /* NewGameViewController.swift */ = {isa = PBXFileReference; lastKnownFileType = sourcecode.swift; path = NewGameViewController.swift; sourceTree = "<group>"; };
		E9AD7D9E1AFBC58E0045E0D4 /* Base */ = {isa = PBXFileReference; lastKnownFileType = file.storyboard; name = Base; path = Base.lproj/Main.storyboard; sourceTree = "<group>"; };
		E9AD7DA01AFBC58E0045E0D4 /* Images.xcassets */ = {isa = PBXFileReference; lastKnownFileType = folder.assetcatalog; path = Images.xcassets; sourceTree = "<group>"; };
		E9AD7DA31AFBC58E0045E0D4 /* Base */ = {isa = PBXFileReference; lastKnownFileType = file.xib; name = Base; path = Base.lproj/LaunchScreen.xib; sourceTree = "<group>"; };
		E9AD7DA91AFBC58E0045E0D4 /* MovieGeekAppTests.xctest */ = {isa = PBXFileReference; explicitFileType = wrapper.cfbundle; includeInIndex = 0; path = MovieGeekAppTests.xctest; sourceTree = BUILT_PRODUCTS_DIR; };
		E9AD7DAE1AFBC58E0045E0D4 /* Info.plist */ = {isa = PBXFileReference; lastKnownFileType = text.plist.xml; path = Info.plist; sourceTree = "<group>"; };
		E9AD7DAF1AFBC58E0045E0D4 /* MovieGeekAppTests.swift */ = {isa = PBXFileReference; lastKnownFileType = sourcecode.swift; path = MovieGeekAppTests.swift; sourceTree = "<group>"; };
		E9BD89C11B06639200F36579 /* QuestionCardView.xib */ = {isa = PBXFileReference; fileEncoding = 4; lastKnownFileType = file.xib; path = QuestionCardView.xib; sourceTree = "<group>"; };
		E9BD89C31B06640B00F36579 /* QuestionCardView.swift */ = {isa = PBXFileReference; fileEncoding = 4; lastKnownFileType = sourcecode.swift; path = QuestionCardView.swift; sourceTree = "<group>"; };
/* End PBXFileReference section */

/* Begin PBXFrameworksBuildPhase section */
		E9AD7D911AFBC58E0045E0D4 /* Frameworks */ = {
			isa = PBXFrameworksBuildPhase;
			buildActionMask = 2147483647;
			files = (
				E0658A73C221B32EA3E2F0EA /* Pods.framework in Frameworks */,
			);
			runOnlyForDeploymentPostprocessing = 0;
		};
		E9AD7DA61AFBC58E0045E0D4 /* Frameworks */ = {
			isa = PBXFrameworksBuildPhase;
			buildActionMask = 2147483647;
			files = (
			);
			runOnlyForDeploymentPostprocessing = 0;
		};
/* End PBXFrameworksBuildPhase section */

/* Begin PBXGroup section */
		9E8D1E294D1565013625F219 /* Pods */ = {
			isa = PBXGroup;
			children = (
				C9C75D2CCD260D7943553AEC /* Pods.debug.xcconfig */,
				A9476843DA2FA4A2D22DBFA2 /* Pods.release.xcconfig */,
			);
			name = Pods;
			sourceTree = "<group>";
		};
		E90DA10C1AFEA5F7006E0F27 /* Controllers */ = {
			isa = PBXGroup;
			children = (
				E9AD7D9B1AFBC58E0045E0D4 /* NewGameViewController.swift */,
				E90DA10A1AFEA5EF006E0F27 /* GameViewController.swift */,
				E9A9C0E11B05693000D196CC /* MoviesStatViewContoller.swift */,
				E91D12A71B0A9EDA000D8F71 /* QuestionStatViewController.swift */,
				E9A9C0E51B06199400D196CC /* InfoViewController.swift */,
				E91D12A11B0A907B000D8F71 /* MovieChooseViewController.swift */,
				E91D12A31B0A92B4000D8F71 /* EndGameViewController.swift */,
			);
			name = Controllers;
			sourceTree = "<group>";
		};
		E90DA10D1AFEA609006E0F27 /* UI */ = {
			isa = PBXGroup;
			children = (
				E9AD7D9D1AFBC58E0045E0D4 /* Main.storyboard */,
				E9BD89C11B06639200F36579 /* QuestionCardView.xib */,
			);
			name = UI;
			sourceTree = "<group>";
		};
		E90DA1101AFF62B0006E0F27 /* Models */ = {
			isa = PBXGroup;
			children = (
				E90DA10E1AFF61E9006E0F27 /* MovieGeekServerManager.swift */,
				E9A9C0DC1B05662500D196CC /* Movie.swift */,
				E9A9C0DE1B05663000D196CC /* Question.swift */,
				E9A9C0E31B060F9300D196CC /* UIColor + MovieGeekColors.swift */,
			);
			name = Models;
			sourceTree = "<group>";
		};
		E98FF3D91B05329D006D8676 /* Views */ = {
			isa = PBXGroup;
			children = (
				E9A9C0E71B061ADD00D196CC /* MovieTableViewCell.swift */,
				E9BD89C31B06640B00F36579 /* QuestionCardView.swift */,
				E91D12A51B0A9E20000D8F71 /* QuestionTableViewCell.swift */,
			);
			name = Views;
			sourceTree = "<group>";
		};
		E9AD7D8B1AFBC58E0045E0D4 = {
			isa = PBXGroup;
			children = (
				E9AD7D961AFBC58E0045E0D4 /* MovieGeekApp */,
				E9AD7D951AFBC58E0045E0D4 /* Products */,
				9E8D1E294D1565013625F219 /* Pods */,
				F3299F9DB94CB87BB4C4F576 /* Frameworks */,
			);
			sourceTree = "<group>";
		};
		E9AD7D951AFBC58E0045E0D4 /* Products */ = {
			isa = PBXGroup;
			children = (
				E9AD7D941AFBC58E0045E0D4 /* MovieGeekApp.app */,
				E9AD7DA91AFBC58E0045E0D4 /* MovieGeekAppTests.xctest */,
			);
			name = Products;
			sourceTree = "<group>";
		};
		E9AD7D961AFBC58E0045E0D4 /* MovieGeekApp */ = {
			isa = PBXGroup;
			children = (
				E9AD7D991AFBC58E0045E0D4 /* AppDelegate.swift */,
				E90DA1101AFF62B0006E0F27 /* Models */,
				E90DA10C1AFEA5F7006E0F27 /* Controllers */,
				E98FF3D91B05329D006D8676 /* Views */,
				E90DA10D1AFEA609006E0F27 /* UI */,
				E9AD7DA01AFBC58E0045E0D4 /* Images.xcassets */,
				E9AD7DA21AFBC58E0045E0D4 /* LaunchScreen.xib */,
				E9AD7D971AFBC58E0045E0D4 /* Supporting Files */,
			);
			path = MovieGeekApp;
			sourceTree = "<group>";
		};
		E9AD7D971AFBC58E0045E0D4 /* Supporting Files */ = {
			isa = PBXGroup;
			children = (
				E9AD7DAC1AFBC58E0045E0D4 /* MovieGeekAppTests */,
				E9AD7D981AFBC58E0045E0D4 /* Info.plist */,
			);
			name = "Supporting Files";
			sourceTree = "<group>";
		};
		E9AD7DAC1AFBC58E0045E0D4 /* MovieGeekAppTests */ = {
			isa = PBXGroup;
			children = (
				E9AD7DAF1AFBC58E0045E0D4 /* MovieGeekAppTests.swift */,
				E9AD7DAD1AFBC58E0045E0D4 /* Supporting Files */,
			);
			path = MovieGeekAppTests;
			sourceTree = SOURCE_ROOT;
		};
		E9AD7DAD1AFBC58E0045E0D4 /* Supporting Files */ = {
			isa = PBXGroup;
			children = (
				E9AD7DAE1AFBC58E0045E0D4 /* Info.plist */,
			);
			name = "Supporting Files";
			sourceTree = "<group>";
		};
		F3299F9DB94CB87BB4C4F576 /* Frameworks */ = {
			isa = PBXGroup;
			children = (
				5AC7A269BB14F31DA146034F /* Pods.framework */,
			);
			name = Frameworks;
			sourceTree = "<group>";
		};
/* End PBXGroup section */

/* Begin PBXNativeTarget section */
		E9AD7D931AFBC58E0045E0D4 /* MovieGeekApp */ = {
			isa = PBXNativeTarget;
			buildConfigurationList = E9AD7DB31AFBC58E0045E0D4 /* Build configuration list for PBXNativeTarget "MovieGeekApp" */;
			buildPhases = (
				328E99794BCB7475B0433E70 /* Check Pods Manifest.lock */,
				E9AD7D901AFBC58E0045E0D4 /* Sources */,
				E9AD7D911AFBC58E0045E0D4 /* Frameworks */,
				E9AD7D921AFBC58E0045E0D4 /* Resources */,
				A4D12DFF0252CD4DE2A17019 /* Embed Pods Frameworks */,
				09F3208A961EFFDBE7C66C4C /* Copy Pods Resources */,
			);
			buildRules = (
			);
			dependencies = (
			);
			name = MovieGeekApp;
			productName = MovieGeekApp;
			productReference = E9AD7D941AFBC58E0045E0D4 /* MovieGeekApp.app */;
			productType = "com.apple.product-type.application";
		};
		E9AD7DA81AFBC58E0045E0D4 /* MovieGeekAppTests */ = {
			isa = PBXNativeTarget;
			buildConfigurationList = E9AD7DB61AFBC58E0045E0D4 /* Build configuration list for PBXNativeTarget "MovieGeekAppTests" */;
			buildPhases = (
				E9AD7DA51AFBC58E0045E0D4 /* Sources */,
				E9AD7DA61AFBC58E0045E0D4 /* Frameworks */,
				E9AD7DA71AFBC58E0045E0D4 /* Resources */,
			);
			buildRules = (
			);
			dependencies = (
				E9AD7DAB1AFBC58E0045E0D4 /* PBXTargetDependency */,
			);
			name = MovieGeekAppTests;
			productName = MovieGeekAppTests;
			productReference = E9AD7DA91AFBC58E0045E0D4 /* MovieGeekAppTests.xctest */;
			productType = "com.apple.product-type.bundle.unit-test";
		};
/* End PBXNativeTarget section */

/* Begin PBXProject section */
		E9AD7D8C1AFBC58E0045E0D4 /* Project object */ = {
			isa = PBXProject;
			attributes = {
				LastUpgradeCheck = 0630;
				ORGANIZATIONNAME = "Pizza, Inc.";
				TargetAttributes = {
					E9AD7D931AFBC58E0045E0D4 = {
						CreatedOnToolsVersion = 6.3.1;
					};
					E9AD7DA81AFBC58E0045E0D4 = {
						CreatedOnToolsVersion = 6.3.1;
						TestTargetID = E9AD7D931AFBC58E0045E0D4;
					};
				};
			};
			buildConfigurationList = E9AD7D8F1AFBC58E0045E0D4 /* Build configuration list for PBXProject "MovieGeekApp" */;
			compatibilityVersion = "Xcode 3.2";
			developmentRegion = English;
			hasScannedForEncodings = 0;
			knownRegions = (
				en,
				Base,
			);
			mainGroup = E9AD7D8B1AFBC58E0045E0D4;
			productRefGroup = E9AD7D951AFBC58E0045E0D4 /* Products */;
			projectDirPath = "";
			projectRoot = "";
			targets = (
				E9AD7D931AFBC58E0045E0D4 /* MovieGeekApp */,
				E9AD7DA81AFBC58E0045E0D4 /* MovieGeekAppTests */,
			);
		};
/* End PBXProject section */

/* Begin PBXResourcesBuildPhase section */
		E9AD7D921AFBC58E0045E0D4 /* Resources */ = {
			isa = PBXResourcesBuildPhase;
			buildActionMask = 2147483647;
			files = (
				E9AD7D9F1AFBC58E0045E0D4 /* Main.storyboard in Resources */,
				E9AD7DA41AFBC58E0045E0D4 /* LaunchScreen.xib in Resources */,
				E9BD89C21B06639200F36579 /* QuestionCardView.xib in Resources */,
				E9AD7DA11AFBC58E0045E0D4 /* Images.xcassets in Resources */,
			);
			runOnlyForDeploymentPostprocessing = 0;
		};
		E9AD7DA71AFBC58E0045E0D4 /* Resources */ = {
			isa = PBXResourcesBuildPhase;
			buildActionMask = 2147483647;
			files = (
			);
			runOnlyForDeploymentPostprocessing = 0;
		};
/* End PBXResourcesBuildPhase section */

/* Begin PBXShellScriptBuildPhase section */
		09F3208A961EFFDBE7C66C4C /* Copy Pods Resources */ = {
			isa = PBXShellScriptBuildPhase;
			buildActionMask = 2147483647;
			files = (
			);
			inputPaths = (
			);
			name = "Copy Pods Resources";
			outputPaths = (
			);
			runOnlyForDeploymentPostprocessing = 0;
			shellPath = /bin/sh;
			shellScript = "\"${SRCROOT}/Pods/Target Support Files/Pods/Pods-resources.sh\"\n";
			showEnvVarsInLog = 0;
		};
		328E99794BCB7475B0433E70 /* Check Pods Manifest.lock */ = {
			isa = PBXShellScriptBuildPhase;
			buildActionMask = 2147483647;
			files = (
			);
			inputPaths = (
			);
			name = "Check Pods Manifest.lock";
			outputPaths = (
			);
			runOnlyForDeploymentPostprocessing = 0;
			shellPath = /bin/sh;
			shellScript = "diff \"${PODS_ROOT}/../Podfile.lock\" \"${PODS_ROOT}/Manifest.lock\" > /dev/null\nif [[ $? != 0 ]] ; then\n    cat << EOM\nerror: The sandbox is not in sync with the Podfile.lock. Run 'pod install' or update your CocoaPods installation.\nEOM\n    exit 1\nfi\n";
			showEnvVarsInLog = 0;
		};
		A4D12DFF0252CD4DE2A17019 /* Embed Pods Frameworks */ = {
			isa = PBXShellScriptBuildPhase;
			buildActionMask = 2147483647;
			files = (
			);
			inputPaths = (
			);
			name = "Embed Pods Frameworks";
			outputPaths = (
			);
			runOnlyForDeploymentPostprocessing = 0;
			shellPath = /bin/sh;
			shellScript = "\"${SRCROOT}/Pods/Target Support Files/Pods/Pods-frameworks.sh\"\n";
			showEnvVarsInLog = 0;
		};
/* End PBXShellScriptBuildPhase section */

/* Begin PBXSourcesBuildPhase section */
		E9AD7D901AFBC58E0045E0D4 /* Sources */ = {
			isa = PBXSourcesBuildPhase;
			buildActionMask = 2147483647;
			files = (
				E9AD7D9C1AFBC58E0045E0D4 /* NewGameViewController.swift in Sources */,
				E91D12A41B0A92B4000D8F71 /* EndGameViewController.swift in Sources */,
				E90DA10F1AFF61E9006E0F27 /* MovieGeekServerManager.swift in Sources */,
				E91D12A21B0A907B000D8F71 /* MovieChooseViewController.swift in Sources */,
				E9A9C0E41B060F9300D196CC /* UIColor + MovieGeekColors.swift in Sources */,
				E9A9C0DD1B05662500D196CC /* Movie.swift in Sources */,
				E9A9C0E61B06199400D196CC /* InfoViewController.swift in Sources */,
				E90DA10B1AFEA5EF006E0F27 /* GameViewController.swift in Sources */,
				E91D12A81B0A9EDA000D8F71 /* QuestionStatViewController.swift in Sources */,
				E9A9C0E21B05693000D196CC /* MoviesStatViewContoller.swift in Sources */,
				E9AD7D9A1AFBC58E0045E0D4 /* AppDelegate.swift in Sources */,
				E9A9C0DF1B05663000D196CC /* Question.swift in Sources */,
				E9A9C0E81B061ADD00D196CC /* MovieTableViewCell.swift in Sources */,
				E9BD89C41B06640B00F36579 /* QuestionCardView.swift in Sources */,
				E91D12A61B0A9E20000D8F71 /* QuestionTableViewCell.swift in Sources */,
			);
			runOnlyForDeploymentPostprocessing = 0;
		};
		E9AD7DA51AFBC58E0045E0D4 /* Sources */ = {
			isa = PBXSourcesBuildPhase;
			buildActionMask = 2147483647;
			files = (
				E9AD7DB01AFBC58E0045E0D4 /* MovieGeekAppTests.swift in Sources */,
			);
			runOnlyForDeploymentPostprocessing = 0;
		};
/* End PBXSourcesBuildPhase section */

/* Begin PBXTargetDependency section */
		E9AD7DAB1AFBC58E0045E0D4 /* PBXTargetDependency */ = {
			isa = PBXTargetDependency;
			target = E9AD7D931AFBC58E0045E0D4 /* MovieGeekApp */;
			targetProxy = E9AD7DAA1AFBC58E0045E0D4 /* PBXContainerItemProxy */;
		};
/* End PBXTargetDependency section */

/* Begin PBXVariantGroup section */
		E9AD7D9D1AFBC58E0045E0D4 /* Main.storyboard */ = {
			isa = PBXVariantGroup;
			children = (
				E9AD7D9E1AFBC58E0045E0D4 /* Base */,
			);
			name = Main.storyboard;
			sourceTree = "<group>";
		};
		E9AD7DA21AFBC58E0045E0D4 /* LaunchScreen.xib */ = {
			isa = PBXVariantGroup;
			children = (
				E9AD7DA31AFBC58E0045E0D4 /* Base */,
			);
			name = LaunchScreen.xib;
			sourceTree = "<group>";
		};
/* End PBXVariantGroup section */

/* Begin XCBuildConfiguration section */
		E9AD7DB11AFBC58E0045E0D4 /* Debug */ = {
			isa = XCBuildConfiguration;
			buildSettings = {
				ALWAYS_SEARCH_USER_PATHS = NO;
				CLANG_CXX_LANGUAGE_STANDARD = "gnu++0x";
				CLANG_CXX_LIBRARY = "libc++";
				CLANG_ENABLE_MODULES = YES;
				CLANG_ENABLE_OBJC_ARC = YES;
				CLANG_WARN_BOOL_CONVERSION = YES;
				CLANG_WARN_CONSTANT_CONVERSION = YES;
				CLANG_WARN_DIRECT_OBJC_ISA_USAGE = YES_ERROR;
				CLANG_WARN_EMPTY_BODY = YES;
				CLANG_WARN_ENUM_CONVERSION = YES;
				CLANG_WARN_INT_CONVERSION = YES;
				CLANG_WARN_OBJC_ROOT_CLASS = YES_ERROR;
				CLANG_WARN_UNREACHABLE_CODE = YES;
				CLANG_WARN__DUPLICATE_METHOD_MATCH = YES;
				"CODE_SIGN_IDENTITY[sdk=iphoneos*]" = "iPhone Developer";
				COPY_PHASE_STRIP = NO;
				DEBUG_INFORMATION_FORMAT = "dwarf-with-dsym";
				ENABLE_STRICT_OBJC_MSGSEND = YES;
				GCC_C_LANGUAGE_STANDARD = gnu99;
				GCC_DYNAMIC_NO_PIC = NO;
				GCC_NO_COMMON_BLOCKS = YES;
				GCC_OPTIMIZATION_LEVEL = 0;
				GCC_PREPROCESSOR_DEFINITIONS = (
					"DEBUG=1",
					"$(inherited)",
				);
				GCC_SYMBOLS_PRIVATE_EXTERN = NO;
				GCC_WARN_64_TO_32_BIT_CONVERSION = YES;
				GCC_WARN_ABOUT_RETURN_TYPE = YES_ERROR;
				GCC_WARN_UNDECLARED_SELECTOR = YES;
				GCC_WARN_UNINITIALIZED_AUTOS = YES_AGGRESSIVE;
				GCC_WARN_UNUSED_FUNCTION = YES;
				GCC_WARN_UNUSED_VARIABLE = YES;
				IPHONEOS_DEPLOYMENT_TARGET = 8.3;
				MTL_ENABLE_DEBUG_INFO = YES;
				ONLY_ACTIVE_ARCH = YES;
				SDKROOT = iphoneos;
				SWIFT_OPTIMIZATION_LEVEL = "-Onone";
			};
			name = Debug;
		};
		E9AD7DB21AFBC58E0045E0D4 /* Release */ = {
			isa = XCBuildConfiguration;
			buildSettings = {
				ALWAYS_SEARCH_USER_PATHS = NO;
				CLANG_CXX_LANGUAGE_STANDARD = "gnu++0x";
				CLANG_CXX_LIBRARY = "libc++";
				CLANG_ENABLE_MODULES = YES;
				CLANG_ENABLE_OBJC_ARC = YES;
				CLANG_WARN_BOOL_CONVERSION = YES;
				CLANG_WARN_CONSTANT_CONVERSION = YES;
				CLANG_WARN_DIRECT_OBJC_ISA_USAGE = YES_ERROR;
				CLANG_WARN_EMPTY_BODY = YES;
				CLANG_WARN_ENUM_CONVERSION = YES;
				CLANG_WARN_INT_CONVERSION = YES;
				CLANG_WARN_OBJC_ROOT_CLASS = YES_ERROR;
				CLANG_WARN_UNREACHABLE_CODE = YES;
				CLANG_WARN__DUPLICATE_METHOD_MATCH = YES;
				"CODE_SIGN_IDENTITY[sdk=iphoneos*]" = "iPhone Developer";
				COPY_PHASE_STRIP = NO;
				DEBUG_INFORMATION_FORMAT = "dwarf-with-dsym";
				ENABLE_NS_ASSERTIONS = NO;
				ENABLE_STRICT_OBJC_MSGSEND = YES;
				GCC_C_LANGUAGE_STANDARD = gnu99;
				GCC_NO_COMMON_BLOCKS = YES;
				GCC_WARN_64_TO_32_BIT_CONVERSION = YES;
				GCC_WARN_ABOUT_RETURN_TYPE = YES_ERROR;
				GCC_WARN_UNDECLARED_SELECTOR = YES;
				GCC_WARN_UNINITIALIZED_AUTOS = YES_AGGRESSIVE;
				GCC_WARN_UNUSED_FUNCTION = YES;
				GCC_WARN_UNUSED_VARIABLE = YES;
				IPHONEOS_DEPLOYMENT_TARGET = 8.3;
				MTL_ENABLE_DEBUG_INFO = NO;
				SDKROOT = iphoneos;
				VALIDATE_PRODUCT = YES;
			};
			name = Release;
		};
		E9AD7DB41AFBC58E0045E0D4 /* Debug */ = {
			isa = XCBuildConfiguration;
			baseConfigurationReference = C9C75D2CCD260D7943553AEC /* Pods.debug.xcconfig */;
			buildSettings = {
				ASSETCATALOG_COMPILER_APPICON_NAME = AppIcon;
				INFOPLIST_FILE = MovieGeekApp/Info.plist;
				LD_RUNPATH_SEARCH_PATHS = "$(inherited) @executable_path/Frameworks";
				PRODUCT_NAME = "$(TARGET_NAME)";
			};
			name = Debug;
		};
		E9AD7DB51AFBC58E0045E0D4 /* Release */ = {
			isa = XCBuildConfiguration;
			baseConfigurationReference = A9476843DA2FA4A2D22DBFA2 /* Pods.release.xcconfig */;
			buildSettings = {
				ASSETCATALOG_COMPILER_APPICON_NAME = AppIcon;
				INFOPLIST_FILE = MovieGeekApp/Info.plist;
				LD_RUNPATH_SEARCH_PATHS = "$(inherited) @executable_path/Frameworks";
				PRODUCT_NAME = "$(TARGET_NAME)";
			};
			name = Release;
		};
		E9AD7DB71AFBC58E0045E0D4 /* Debug */ = {
			isa = XCBuildConfiguration;
			buildSettings = {
				BUNDLE_LOADER = "$(TEST_HOST)";
				FRAMEWORK_SEARCH_PATHS = (
					"$(SDKROOT)/Developer/Library/Frameworks",
					"$(inherited)",
				);
				GCC_PREPROCESSOR_DEFINITIONS = (
					"DEBUG=1",
					"$(inherited)",
				);
				INFOPLIST_FILE = MovieGeekAppTests/Info.plist;
				LD_RUNPATH_SEARCH_PATHS = "$(inherited) @executable_path/Frameworks @loader_path/Frameworks";
				PRODUCT_NAME = "$(TARGET_NAME)";
				TEST_HOST = "$(BUILT_PRODUCTS_DIR)/MovieGeekApp.app/MovieGeekApp";
			};
			name = Debug;
		};
		E9AD7DB81AFBC58E0045E0D4 /* Release */ = {
			isa = XCBuildConfiguration;
			buildSettings = {
				BUNDLE_LOADER = "$(TEST_HOST)";
				FRAMEWORK_SEARCH_PATHS = (
					"$(SDKROOT)/Developer/Library/Frameworks",
					"$(inherited)",
				);
				INFOPLIST_FILE = MovieGeekAppTests/Info.plist;
				LD_RUNPATH_SEARCH_PATHS = "$(inherited) @executable_path/Frameworks @loader_path/Frameworks";
				PRODUCT_NAME = "$(TARGET_NAME)";
				TEST_HOST = "$(BUILT_PRODUCTS_DIR)/MovieGeekApp.app/MovieGeekApp";
			};
			name = Release;
		};
/* End XCBuildConfiguration section */

/* Begin XCConfigurationList section */
		E9AD7D8F1AFBC58E0045E0D4 /* Build configuration list for PBXProject "MovieGeekApp" */ = {
			isa = XCConfigurationList;
			buildConfigurations = (
				E9AD7DB11AFBC58E0045E0D4 /* Debug */,
				E9AD7DB21AFBC58E0045E0D4 /* Release */,
			);
			defaultConfigurationIsVisible = 0;
			defaultConfigurationName = Release;
		};
		E9AD7DB31AFBC58E0045E0D4 /* Build configuration list for PBXNativeTarget "MovieGeekApp" */ = {
			isa = XCConfigurationList;
			buildConfigurations = (
				E9AD7DB41AFBC58E0045E0D4 /* Debug */,
				E9AD7DB51AFBC58E0045E0D4 /* Release */,
			);
			defaultConfigurationIsVisible = 0;
			defaultConfigurationName = Release;
		};
		E9AD7DB61AFBC58E0045E0D4 /* Build configuration list for PBXNativeTarget "MovieGeekAppTests" */ = {
			isa = XCConfigurationList;
			buildConfigurations = (
				E9AD7DB71AFBC58E0045E0D4 /* Debug */,
				E9AD7DB81AFBC58E0045E0D4 /* Release */,
			);
			defaultConfigurationIsVisible = 0;
			defaultConfigurationName = Release;
		};
/* End XCConfigurationList section */
	};
	rootObject = E9AD7D8C1AFBC58E0045E0D4 /* Project object */;
}
